# This file was autogenerated by Stack.
# You should not edit this file by hand.
# For more information, please see the documentation at:
#   https://docs.haskellstack.org/en/stable/lock_files

packages:
- completed:
    cabal-file:
      size: 1376
      sha256: b0b57ae12874f41b84eacd1ea618a259d3dd604d6f04ba55ae667238bea3afc3
    name: niobiumcoconut
    version: 0.2.0.0
    git: git@github.com:chrissound/NiobiumCoconut.git
    pantry-tree:
      size: 1114
      sha256: 4f3cc218ff920afebf2978ba437c71cfa902c783a0750257add857e0b5daed83
    commit: 76f8ad16abc7d3e5474df9ffe9672bdf8a6593f5
  original:
    git: git@github.com:chrissound/NiobiumCoconut.git
    commit: 76f8ad16abc7d3e5474df9ffe9672bdf8a6593f5
- completed:
    hackage: scotty-cookie-0.1.0.3@sha256:3ff1df13a5acba8ba170a5ac22b3ac6a2c227791292536ce1ebfc41038f58fc9,1204
    pantry-tree:
      size: 222
      sha256: 8236b9d3e3c01b29c3d7bf7791af8c87e87ea9b2052e9d7bc32038f524242679
  original:
    hackage: scotty-cookie-0.1.0.3
- completed:
    hackage: http-test-0.2.5@sha256:ff8335580e324f49f3edf6fe83bf04a5e793e9b8f991b544e73e30bbad5d60cb,1897
    pantry-tree:
      size: 257
      sha256: b8150ff15a73fa01c2ee869eb7c3f8e6a0780a6817cb661833286b8f4514b954
  original:
    hackage: http-test-0.2.5@sha256:ff8335580e324f49f3edf6fe83bf04a5e793e9b8f991b544e73e30bbad5d60cb,1897
snapshots:
- completed:
    size: 524996
    url: https://raw.githubusercontent.com/commercialhaskell/stackage-snapshots/master/lts/14/27.yaml
    sha256: 7ea31a280c56bf36ff591a7397cc384d0dff622e7f9e4225b47d8980f019a0f0
  original: lts-14.27
